
Microsoft Visual Studio Solution File, Format Version 12.00
# Visual Studio Version 17
VisualStudioVersion = 17.14.36127.28 d17.14
MinimumVisualStudioVersion = 10.0.40219.1
Project("{888888A0-9F3D-457C-B088-3A5042F75D52}") = "DAQMonitor", "PyQtTrial\DAQMonitor.pyproj", "{4A85F051-DA4B-466B-83BC-3CD0797DA7D9}"
EndProject
Global
	GlobalSection(SolutionConfigurationPlatforms) = preSolution
		Debug|Any CPU = Debug|Any CPU
		Release|Any CPU = Release|Any CPU
	EndGlobalSection
	GlobalSection(ProjectConfigurationPlatforms) = postSolution
		{4A85F051-DA4B-466B-83BC-3CD0797DA7D9}.Debug|Any CPU.ActiveCfg = Debug|Any CPU
		{4A85F051-DA4B-466B-83BC-3CD0797DA7D9}.Release|Any CPU.ActiveCfg = Release|Any CPU
	EndGlobalSection
	GlobalSection(SolutionProperties) = preSolution
		HideSolutionNode = FALSE
	EndGlobalSection
	GlobalSection(ExtensibilityGlobals) = postSolution
		SolutionGuid = {727A2700-9144-4193-9C90-CA1B42475870}
	EndGlobalSection
EndGlobal
